
Microsoft Visual Studio Solution File, Format Version 12.00
# Visual Studio Version 16
VisualStudioVersion = 16.0.31729.503
MinimumVisualStudioVersion = 10.0.40219.1
Project("{FAE04EC0-301F-11D3-BF4B-00C04F79EFBC}") = "EtalonFM", "EtalonFM\EtalonFM.csproj", "{30E3ADD5-D520-4E96-B8E6-3CD31EEE3C51}"
EndProject
Global
	GlobalSection(SolutionConfigurationPlatforms) = preSolution
		Debug|Any CPU = Debug|Any CPU
		Release|Any CPU = Release|Any CPU
	EndGlobalSection
	GlobalSection(ProjectConfigurationPlatforms) = postSolution
		{30E3ADD5-D520-4E96-B8E6-3CD31EEE3C51}.Debug|Any CPU.ActiveCfg = Debug|Any CPU
		{30E3ADD5-D520-4E96-B8E6-3CD31EEE3C51}.Debug|Any CPU.Build.0 = Debug|Any CPU
		{30E3ADD5-D520-4E96-B8E6-3CD31EEE3C51}.Release|Any CPU.ActiveCfg = Release|Any CPU
		{30E3ADD5-D520-4E96-B8E6-3CD31EEE3C51}.Release|Any CPU.Build.0 = Release|Any CPU
	EndGlobalSection
	GlobalSection(SolutionProperties) = preSolution
		HideSolutionNode = FALSE
	EndGlobalSection
	GlobalSection(ExtensibilityGlobals) = postSolution
		SolutionGuid = {02D8F45F-AAF9-43AA-B754-4E093C7A74F3}
	EndGlobalSection
EndGlobal
